
Microsoft Visual Studio Solution File, Format Version 11.00
# Visual Studio 2010
Project("{8BC9CEB8-8B4A-11D0-8D11-00A0C91BC942}") = "PEFileDissector", "PEFileDissector\PEFileDissector.vcxproj", "{D0B38634-34DA-4C1C-B7B8-ADCC33E2697A}"
EndProject
Global
	GlobalSection(SolutionConfigurationPlatforms) = preSolution
		Debug|Win32 = Debug|Win32
		Release|Win32 = Release|Win32
	EndGlobalSection
	GlobalSection(ProjectConfigurationPlatforms) = postSolution
		{D0B38634-34DA-4C1C-B7B8-ADCC33E2697A}.Debug|Win32.ActiveCfg = Debug|Win32
		{D0B38634-34DA-4C1C-B7B8-ADCC33E2697A}.Debug|Win32.Build.0 = Debug|Win32
		{D0B38634-34DA-4C1C-B7B8-ADCC33E2697A}.Release|Win32.ActiveCfg = Release|Win32
		{D0B38634-34DA-4C1C-B7B8-ADCC33E2697A}.Release|Win32.Build.0 = Release|Win32
	EndGlobalSection
	GlobalSection(SolutionProperties) = preSolution
		HideSolutionNode = FALSE
	EndGlobalSection
EndGlobal
